// !$*UTF8*$!
{
	archiveVersion = 1;
	classes = {
	};
	objectVersion = 77;
	objects = {

/* Begin PBXBuildFile section */
		96A7D23D2E01DD3300D41CBF /* GoogleGenerativeAI in Frameworks */ = {isa = PBXBuildFile; productRef = 96A7D23C2E01DD3300D41CBF /* GoogleGenerativeAI */; };
/* End PBXBuildFile section */

/* Begin PBXContainerItemProxy section */
		96A7D20E2E00881200D41CBF /* PBXContainerItemProxy */ = {
			isa = PBXContainerItemProxy;
			containerPortal = 96A7D1F32E00881100D41CBF /* Project object */;
			proxyType = 1;
			remoteGlobalIDString = 96A7D1FA2E00881100D41CBF;
			remoteInfo = FitBuddy;
		};
		96A7D2182E00881200D41CBF /* PBXContainerItemProxy */ = {
			isa = PBXContainerItemProxy;
			containerPortal = 96A7D1F32E00881100D41CBF /* Project object */;
			proxyType = 1;
			remoteGlobalIDString = 96A7D1FA2E00881100D41CBF;
			remoteInfo = FitBuddy;
		};
/* End PBXContainerItemProxy section */

/* Begin PBXFileReference section */
		96A7D1FB2E00881100D41CBF /* FitBuddy.app */ = {isa = PBXFileReference; explicitFileType = wrapper.application; includeInIndex = 0; path = FitBuddy.app; sourceTree = BUILT_PRODUCTS_DIR; };
		96A7D20D2E00881200D41CBF /* FitBuddyTests.xctest */ = {isa = PBXFileReference; explicitFileType = wrapper.cfbundle; includeInIndex = 0; path = FitBuddyTests.xctest; sourceTree = BUILT_PRODUCTS_DIR; };
		96A7D2172E00881200D41CBF /* FitBuddyUITests.xctest */ = {isa = PBXFileReference; explicitFileType = wrapper.cfbundle; includeInIndex = 0; path = FitBuddyUITests.xctest; sourceTree = BUILT_PRODUCTS_DIR; };
/* End PBXFileReference section */

/* Begin PBXFileSystemSynchronizedBuildFileExceptionSet section */
		96E10CED2E0B5BF400249DD9 /* Exceptions for "FitBuddy" folder in "FitBuddy" target */ = {
			isa = PBXFileSystemSynchronizedBuildFileExceptionSet;
			membershipExceptions = (
				Info.plist,
			);
			target = 96A7D1FA2E00881100D41CBF /* FitBuddy */;
		};
/* End PBXFileSystemSynchronizedBuildFileExceptionSet section */

/* Begin PBXFileSystemSynchronizedRootGroup section */
		96A7D1FD2E00881100D41CBF /* FitBuddy */ = {
			isa = PBXFileSystemSynchronizedRootGroup;
			exceptions = (
				96E10CED2E0B5BF400249DD9 /* Exceptions for "FitBuddy" folder in "FitBuddy" target */,
			);
			path = FitBuddy;
			sourceTree = "<group>";
		};
		96A7D2102E00881200D41CBF /* FitBuddyTests */ = {
			isa = PBXFileSystemSynchronizedRootGroup;
			path = FitBuddyTests;
			sourceTree = "<group>";
		};
		96A7D21A2E00881200D41CBF /* FitBuddyUITests */ = {
			isa = PBXFileSystemSynchronizedRootGroup;
			path = FitBuddyUITests;
			sourceTree = "<group>";
		};
/* End PBXFileSystemSynchronizedRootGroup section */

/* Begin PBXFrameworksBuildPhase section */
		96A7D1F82E00881100D41CBF /* Frameworks */ = {
			isa = PBXFrameworksBuildPhase;
			buildActionMask = 2147483647;
			files = (
				96A7D23D2E01DD3300D41CBF /* GoogleGenerativeAI in Frameworks */,
			);
			runOnlyForDeploymentPostprocessing = 0;
		};
		96A7D20A2E00881200D41CBF /* Frameworks */ = {
			isa = PBXFrameworksBuildPhase;
			buildActionMask = 2147483647;
			files = (
			);
			runOnlyForDeploymentPostprocessing = 0;
		};
		96A7D2142E00881200D41CBF /* Frameworks */ = {
			isa = PBXFrameworksBuildPhase;
			buildActionMask = 2147483647;
			files = (
			);
			runOnlyForDeploymentPostprocessing = 0;
		};
/* End PBXFrameworksBuildPhase section */

/* Begin PBXGroup section */
		96A7D1F22E00881100D41CBF = {
			isa = PBXGroup;
			children = (
				96A7D1FD2E00881100D41CBF /* FitBuddy */,
				96A7D2102E00881200D41CBF /* FitBuddyTests */,
				96A7D21A2E00881200D41CBF /* FitBuddyUITests */,
				96A7D1FC2E00881100D41CBF /* Products */,
			);
			sourceTree = "<group>";
		};
		96A7D1FC2E00881100D41CBF /* Products */ = {
			isa = PBXGroup;
			children = (
				96A7D1FB2E00881100D41CBF /* FitBuddy.app */,
				96A7D20D2E00881200D41CBF /* FitBuddyTests.xctest */,
				96A7D2172E00881200D41CBF /* FitBuddyUITests.xctest */,
			);
			name = Products;
			sourceTree = "<group>";
		};
/* End PBXGroup section */

/* Begin PBXNativeTarget section */
		96A7D1FA2E00881100D41CBF /* FitBuddy */ = {
			isa = PBXNativeTarget;
			buildConfigurationList = 96A7D2212E00881200D41CBF /* Build configuration list for PBXNativeTarget "FitBuddy" */;
			buildPhases = (
				96A7D1F72E00881100D41CBF /* Sources */,
				96A7D1F82E00881100D41CBF /* Frameworks */,
				96A7D1F92E00881100D41CBF /* Resources */,
			);
			buildRules = (
			);
			dependencies = (
			);
			fileSystemSynchronizedGroups = (
				96A7D1FD2E00881100D41CBF /* FitBuddy */,
			);
			name = FitBuddy;
			packageProductDependencies = (
				96A7D23C2E01DD3300D41CBF /* GoogleGenerativeAI */,
			);
			productName = FitBuddy;
			productReference = 96A7D1FB2E00881100D41CBF /* FitBuddy.app */;
			productType = "com.apple.product-type.application";
		};
		96A7D20C2E00881200D41CBF /* FitBuddyTests */ = {
			isa = PBXNativeTarget;
			buildConfigurationList = 96A7D2242E00881200D41CBF /* Build configuration list for PBXNativeTarget "FitBuddyTests" */;
			buildPhases = (
				96A7D2092E00881200D41CBF /* Sources */,
				96A7D20A2E00881200D41CBF /* Frameworks */,
				96A7D20B2E00881200D41CBF /* Resources */,
			);
			buildRules = (
			);
			dependencies = (
				96A7D20F2E00881200D41CBF /* PBXTargetDependency */,
			);
			fileSystemSynchronizedGroups = (
				96A7D2102E00881200D41CBF /* FitBuddyTests */,
			);
			name = FitBuddyTests;
			packageProductDependencies = (
			);
			productName = FitBuddyTests;
			productReference = 96A7D20D2E00881200D41CBF /* FitBuddyTests.xctest */;
			productType = "com.apple.product-type.bundle.unit-test";
		};
		96A7D2162E00881200D41CBF /* FitBuddyUITests */ = {
			isa = PBXNativeTarget;
			buildConfigurationList = 96A7D2272E00881200D41CBF /* Build configuration list for PBXNativeTarget "FitBuddyUITests" */;
			buildPhases = (
				96A7D2132E00881200D41CBF /* Sources */,
				96A7D2142E00881200D41CBF /* Frameworks */,
				96A7D2152E00881200D41CBF /* Resources */,
			);
			buildRules = (
			);
			dependencies = (
				96A7D2192E00881200D41CBF /* PBXTargetDependency */,
			);
			fileSystemSynchronizedGroups = (
				96A7D21A2E00881200D41CBF /* FitBuddyUITests */,
			);
			name = FitBuddyUITests;
			packageProductDependencies = (
			);
			productName = FitBuddyUITests;
			productReference = 96A7D2172E00881200D41CBF /* FitBuddyUITests.xctest */;
			productType = "com.apple.product-type.bundle.ui-testing";
		};
/* End PBXNativeTarget section */

/* Begin PBXProject section */
		96A7D1F32E00881100D41CBF /* Project object */ = {
			isa = PBXProject;
			attributes = {
				BuildIndependentTargetsInParallel = 1;
				LastSwiftUpdateCheck = 1640;
				LastUpgradeCheck = 1640;
				TargetAttributes = {
					96A7D1FA2E00881100D41CBF = {
						CreatedOnToolsVersion = 16.4;
					};
					96A7D20C2E00881200D41CBF = {
						CreatedOnToolsVersion = 16.4;
						TestTargetID = 96A7D1FA2E00881100D41CBF;
					};
					96A7D2162E00881200D41CBF = {
						CreatedOnToolsVersion = 16.4;
						TestTargetID = 96A7D1FA2E00881100D41CBF;
					};
				};
			};
			buildConfigurationList = 96A7D1F62E00881100D41CBF /* Build configuration list for PBXProject "FitBuddy" */;
			developmentRegion = en;
			hasScannedForEncodings = 0;
			knownRegions = (
				en,
				Base,
			);
			mainGroup = 96A7D1F22E00881100D41CBF;
			minimizedProjectReferenceProxies = 1;
			packageReferences = (
				96A7D23B2E01DD3300D41CBF /* XCRemoteSwiftPackageReference "generative-ai-swift" */,
			);
			preferredProjectObjectVersion = 77;
			productRefGroup = 96A7D1FC2E00881100D41CBF /* Products */;
			projectDirPath = "";
			projectRoot = "";
			targets = (
				96A7D1FA2E00881100D41CBF /* FitBuddy */,
				96A7D20C2E00881200D41CBF /* FitBuddyTests */,
				96A7D2162E00881200D41CBF /* FitBuddyUITests */,
			);
		};
/* End PBXProject section */

/* Begin PBXResourcesBuildPhase section */
		96A7D1F92E00881100D41CBF /* Resources */ = {
			isa = PBXResourcesBuildPhase;
			buildActionMask = 2147483647;
			files = (
			);
			runOnlyForDeploymentPostprocessing = 0;
		};
		96A7D20B2E00881200D41CBF /* Resources */ = {
			isa = PBXResourcesBuildPhase;
			buildActionMask = 2147483647;
			files = (
			);
			runOnlyForDeploymentPostprocessing = 0;
		};
		96A7D2152E00881200D41CBF /* Resources */ = {
			isa = PBXResourcesBuildPhase;
			buildActionMask = 2147483647;
			files = (
			);
			runOnlyForDeploymentPostprocessing = 0;
		};
/* End PBXResourcesBuildPhase section */

/* Begin PBXSourcesBuildPhase section */
		96A7D1F72E00881100D41CBF /* Sources */ = {
			isa = PBXSourcesBuildPhase;
			buildActionMask = 2147483647;
			files = (
			);
			runOnlyForDeploymentPostprocessing = 0;
		};
		96A7D2092E00881200D41CBF /* Sources */ = {
			isa = PBXSourcesBuildPhase;
			buildActionMask = 2147483647;
			files = (
			);
			runOnlyForDeploymentPostprocessing = 0;
		};
		96A7D2132E00881200D41CBF /* Sources */ = {
			isa = PBXSourcesBuildPhase;
			buildActionMask = 2147483647;
			files = (
			);
			runOnlyForDeploymentPostprocessing = 0;
		};
/* End PBXSourcesBuildPhase section */

/* Begin PBXTargetDependency section */
		96A7D20F2E00881200D41CBF /* PBXTargetDependency */ = {
			isa = PBXTargetDependency;
			target = 96A7D1FA2E00881100D41CBF /* FitBuddy */;
			targetProxy = 96A7D20E2E00881200D41CBF /* PBXContainerItemProxy */;
		};
		96A7D2192E00881200D41CBF /* PBXTargetDependency */ = {
			isa = PBXTargetDependency;
			target = 96A7D1FA2E00881100D41CBF /* FitBuddy */;
			targetProxy = 96A7D2182E00881200D41CBF /* PBXContainerItemProxy */;
		};
/* End PBXTargetDependency section */

/* Begin XCBuildConfiguration section */
		96A7D21F2E00881200D41CBF /* Debug */ = {
			isa = XCBuildConfiguration;
			buildSettings = {
				ALWAYS_SEARCH_USER_PATHS = NO;
				ASSETCATALOG_COMPILER_GENERATE_SWIFT_ASSET_SYMBOL_EXTENSIONS = YES;
				CLANG_ANALYZER_NONNULL = YES;
				CLANG_ANALYZER_NUMBER_OBJECT_CONVERSION = YES_AGGRESSIVE;
				CLANG_CXX_LANGUAGE_STANDARD = "gnu++20";
				CLANG_ENABLE_MODULES = YES;
				CLANG_ENABLE_OBJC_ARC = YES;
				CLANG_ENABLE_OBJC_WEAK = YES;
				CLANG_WARN_BLOCK_CAPTURE_AUTORELEASING = YES;
				CLANG_WARN_BOOL_CONVERSION = YES;
				CLANG_WARN_COMMA = YES;
				CLANG_WARN_CONSTANT_CONVERSION = YES;
				CLANG_WARN_DEPRECATED_OBJC_IMPLEMENTATIONS = YES;
				CLANG_WARN_DIRECT_OBJC_ISA_USAGE = YES_ERROR;
				CLANG_WARN_DOCUMENTATION_COMMENTS = YES;
				CLANG_WARN_EMPTY_BODY = YES;
				CLANG_WARN_ENUM_CONVERSION = YES;
				CLANG_WARN_INFINITE_RECURSION = YES;
				CLANG_WARN_INT_CONVERSION = YES;
				CLANG_WARN_NON_LITERAL_NULL_CONVERSION = YES;
				CLANG_WARN_OBJC_IMPLICIT_RETAIN_SELF = YES;
				CLANG_WARN_OBJC_LITERAL_CONVERSION = YES;
				CLANG_WARN_OBJC_ROOT_CLASS = YES_ERROR;
				CLANG_WARN_QUOTED_INCLUDE_IN_FRAMEWORK_HEADER = YES;
				CLANG_WARN_RANGE_LOOP_ANALYSIS = YES;
				CLANG_WARN_STRICT_PROTOTYPES = YES;
				CLANG_WARN_SUSPICIOUS_MOVE = YES;
				CLANG_WARN_UNGUARDED_AVAILABILITY = YES_AGGRESSIVE;
				CLANG_WARN_UNREACHABLE_CODE = YES;
				CLANG_WARN__DUPLICATE_METHOD_MATCH = YES;
				COPY_PHASE_STRIP = NO;
				DEBUG_INFORMATION_FORMAT = dwarf;
				DEVELOPMENT_TEAM = 8AUHFWFR3F;
				ENABLE_STRICT_OBJC_MSGSEND = YES;
				ENABLE_TESTABILITY = YES;
				ENABLE_USER_SCRIPT_SANDBOXING = YES;
				GCC_C_LANGUAGE_STANDARD = gnu17;
				GCC_DYNAMIC_NO_PIC = NO;
				GCC_NO_COMMON_BLOCKS = YES;
				GCC_OPTIMIZATION_LEVEL = 0;
				GCC_PREPROCESSOR_DEFINITIONS = (
					"DEBUG=1",
					"$(inherited)",
				);
				GCC_WARN_64_TO_32_BIT_CONVERSION = YES;
				GCC_WARN_ABOUT_RETURN_TYPE = YES_ERROR;
				GCC_WARN_UNDECLARED_SELECTOR = YES;
				GCC_WARN_UNINITIALIZED_AUTOS = YES_AGGRESSIVE;
				GCC_WARN_UNUSED_FUNCTION = YES;
				GCC_WARN_UNUSED_VARIABLE = YES;
				IPHONEOS_DEPLOYMENT_TARGET = 18.5;
				LOCALIZATION_PREFERS_STRING_CATALOGS = YES;
				MTL_ENABLE_DEBUG_INFO = INCLUDE_SOURCE;
				MTL_FAST_MATH = YES;
				ONLY_ACTIVE_ARCH = YES;
				SDKROOT = iphoneos;
				SWIFT_ACTIVE_COMPILATION_CONDITIONS = "DEBUG $(inherited)";
				SWIFT_OPTIMIZATION_LEVEL = "-Onone";
			};
			name = Debug;
		};
		96A7D2202E00881200D41CBF /* Release */ = {
			isa = XCBuildConfiguration;
			buildSettings = {
				ALWAYS_SEARCH_USER_PATHS = NO;
				ASSETCATALOG_COMPILER_GENERATE_SWIFT_ASSET_SYMBOL_EXTENSIONS = YES;
				CLANG_ANALYZER_NONNULL = YES;
				CLANG_ANALYZER_NUMBER_OBJECT_CONVERSION = YES_AGGRESSIVE;
				CLANG_CXX_LANGUAGE_STANDARD = "gnu++20";
				CLANG_ENABLE_MODULES = YES;
				CLANG_ENABLE_OBJC_ARC = YES;
				CLANG_ENABLE_OBJC_WEAK = YES;
				CLANG_WARN_BLOCK_CAPTURE_AUTORELEASING = YES;
				CLANG_WARN_BOOL_CONVERSION = YES;
				CLANG_WARN_COMMA = YES;
				CLANG_WARN_CONSTANT_CONVERSION = YES;
				CLANG_WARN_DEPRECATED_OBJC_IMPLEMENTATIONS = YES;
				CLANG_WARN_DIRECT_OBJC_ISA_USAGE = YES_ERROR;
				CLANG_WARN_DOCUMENTATION_COMMENTS = YES;
				CLANG_WARN_EMPTY_BODY = YES;
				CLANG_WARN_ENUM_CONVERSION = YES;
				CLANG_WARN_INFINITE_RECURSION = YES;
				CLANG_WARN_INT_CONVERSION = YES;
				CLANG_WARN_NON_LITERAL_NULL_CONVERSION = YES;
				CLANG_WARN_OBJC_IMPLICIT_RETAIN_SELF = YES;
				CLANG_WARN_OBJC_LITERAL_CONVERSION = YES;
				CLANG_WARN_OBJC_ROOT_CLASS = YES_ERROR;
				CLANG_WARN_QUOTED_INCLUDE_IN_FRAMEWORK_HEADER = YES;
				CLANG_WARN_RANGE_LOOP_ANALYSIS = YES;
				CLANG_WARN_STRICT_PROTOTYPES = YES;
				CLANG_WARN_SUSPICIOUS_MOVE = YES;
				CLANG_WARN_UNGUARDED_AVAILABILITY = YES_AGGRESSIVE;
				CLANG_WARN_UNREACHABLE_CODE = YES;
				CLANG_WARN__DUPLICATE_METHOD_MATCH = YES;
				COPY_PHASE_STRIP = NO;
				DEBUG_INFORMATION_FORMAT = "dwarf-with-dsym";
				DEVELOPMENT_TEAM = 8AUHFWFR3F;
				ENABLE_NS_ASSERTIONS = NO;
				ENABLE_STRICT_OBJC_MSGSEND = YES;
				ENABLE_USER_SCRIPT_SANDBOXING = YES;
				GCC_C_LANGUAGE_STANDARD = gnu17;
				GCC_NO_COMMON_BLOCKS = YES;
				GCC_WARN_64_TO_32_BIT_CONVERSION = YES;
				GCC_WARN_ABOUT_RETURN_TYPE = YES_ERROR;
				GCC_WARN_UNDECLARED_SELECTOR = YES;
				GCC_WARN_UNINITIALIZED_AUTOS = YES_AGGRESSIVE;
				GCC_WARN_UNUSED_FUNCTION = YES;
				GCC_WARN_UNUSED_VARIABLE = YES;
				IPHONEOS_DEPLOYMENT_TARGET = 18.5;
				LOCALIZATION_PREFERS_STRING_CATALOGS = YES;
				MTL_ENABLE_DEBUG_INFO = NO;
				MTL_FAST_MATH = YES;
				SDKROOT = iphoneos;
				SWIFT_COMPILATION_MODE = wholemodule;
				VALIDATE_PRODUCT = YES;
			};
			name = Release;
		};
		96A7D2222E00881200D41CBF /* Debug */ = {
			isa = XCBuildConfiguration;
			buildSettings = {
				ASSETCATALOG_COMPILER_APPICON_NAME = AppIcon;
				ASSETCATALOG_COMPILER_GLOBAL_ACCENT_COLOR_NAME = AccentColor;
				CODE_SIGN_STYLE = Automatic;
				CURRENT_PROJECT_VERSION = 1;
				DEVELOPMENT_TEAM = 8AUHFWFR3F;
				ENABLE_PREVIEWS = YES;
				GEMINI_API_KEY = AIzaSyDmmEcuDDv64F6nJCFGTq2iFVS1lNxusHk;
				GENERATE_INFOPLIST_FILE = YES;
				INFOPLIST_FILE = FitBuddy/Info.plist;
				INFOPLIST_KEY_NSCalendarsUsageDescription = "FitBuddy needs calendar access to schedule your workouts.";
				INFOPLIST_KEY_NSMicrophoneUsageDescription = "FitBuddy needs microphone access to record your voice for speech recognition.";
				INFOPLIST_KEY_NSSpeechRecognitionUsageDescription = "FitBuddy uses speech recognition to understand your voice commands and update your fitness profile.";
				INFOPLIST_KEY_UIApplicationSceneManifest_Generation = YES;
				INFOPLIST_KEY_UIApplicationSupportsIndirectInputEvents = YES;
				INFOPLIST_KEY_UILaunchScreen_Generation = YES;
				INFOPLIST_KEY_UISupportedInterfaceOrientations_iPad = "UIInterfaceOrientationPortrait UIInterfaceOrientationPortraitUpsideDown UIInterfaceOrientationLandscapeLeft UIInterfaceOrientationLandscapeRight";
				INFOPLIST_KEY_UISupportedInterfaceOrientations_iPhone = "UIInterfaceOrientationPortrait UIInterfaceOrientationLandscapeLeft UIInterfaceOrientationLandscapeRight";
				LD_RUNPATH_SEARCH_PATHS = (
					"$(inherited)",
					"@executable_path/Frameworks",
				);
				MARKETING_VERSION = 1.0;
				PRODUCT_BUNDLE_IDENTIFIER = com.mark.FitBuddy;
				PRODUCT_NAME = "$(TARGET_NAME)";
				SWIFT_EMIT_LOC_STRINGS = YES;
				SWIFT_VERSION = 5.0;
				TARGETED_DEVICE_FAMILY = "1,2";
			};
			name = Debug;
		};
		96A7D2232E00881200D41CBF /* Release */ = {
			isa = XCBuildConfiguration;
			buildSettings = {
				ASSETCATALOG_COMPILER_APPICON_NAME = AppIcon;
				ASSETCATALOG_COMPILER_GLOBAL_ACCENT_COLOR_NAME = AccentColor;
				CODE_SIGN_STYLE = Automatic;
				CURRENT_PROJECT_VERSION = 1;
				DEVELOPMENT_TEAM = 8AUHFWFR3F;
				ENABLE_PREVIEWS = YES;
				GEMINI_API_KEY = "";
				GENERATE_INFOPLIST_FILE = YES;
				INFOPLIST_FILE = FitBuddy/Info.plist;
				INFOPLIST_KEY_NSCalendarsUsageDescription = "FitBuddy needs calendar access to schedule your workouts.";
				INFOPLIST_KEY_NSMicrophoneUsageDescription = "FitBuddy needs microphone access to record your voice for speech recognition.";
				INFOPLIST_KEY_NSSpeechRecognitionUsageDescription = "FitBuddy uses speech recognition to understand your voice commands and update your fitness profile.";
				INFOPLIST_KEY_UIApplicationSceneManifest_Generation = YES;
				INFOPLIST_KEY_UIApplicationSupportsIndirectInputEvents = YES;
				INFOPLIST_KEY_UILaunchScreen_Generation = YES;
				INFOPLIST_KEY_UISupportedInterfaceOrientations_iPad = "UIInterfaceOrientationPortrait UIInterfaceOrientationPortraitUpsideDown UIInterfaceOrientationLandscapeLeft UIInterfaceOrientationLandscapeRight";
				INFOPLIST_KEY_UISupportedInterfaceOrientations_iPhone = "UIInterfaceOrientationPortrait UIInterfaceOrientationLandscapeLeft UIInterfaceOrientationLandscapeRight";
				LD_RUNPATH_SEARCH_PATHS = (
					"$(inherited)",
					"@executable_path/Frameworks",
				);
				MARKETING_VERSION = 1.0;
				PRODUCT_BUNDLE_IDENTIFIER = com.mark.FitBuddy;
				PRODUCT_NAME = "$(TARGET_NAME)";
				SWIFT_EMIT_LOC_STRINGS = YES;
				SWIFT_VERSION = 5.0;
				TARGETED_DEVICE_FAMILY = "1,2";
			};
			name = Release;
		};
		96A7D2252E00881200D41CBF /* Debug */ = {
			isa = XCBuildConfiguration;
			buildSettings = {
				BUNDLE_LOADER = "$(TEST_HOST)";
				CODE_SIGN_STYLE = Automatic;
				CURRENT_PROJECT_VERSION = 1;
				DEVELOPMENT_TEAM = 8AUHFWFR3F;
				GENERATE_INFOPLIST_FILE = YES;
				IPHONEOS_DEPLOYMENT_TARGET = 18.5;
				MARKETING_VERSION = 1.0;
				PRODUCT_BUNDLE_IDENTIFIER = com.FitBuddyTests;
				PRODUCT_NAME = "$(TARGET_NAME)";
				SWIFT_EMIT_LOC_STRINGS = NO;
				SWIFT_VERSION = 5.0;
				TARGETED_DEVICE_FAMILY = "1,2";
				TEST_HOST = "$(BUILT_PRODUCTS_DIR)/FitBuddy.app/$(BUNDLE_EXECUTABLE_FOLDER_PATH)/FitBuddy";
			};
			name = Debug;
		};
		96A7D2262E00881200D41CBF /* Release */ = {
			isa = XCBuildConfiguration;
			buildSettings = {
				BUNDLE_LOADER = "$(TEST_HOST)";
				CODE_SIGN_STYLE = Automatic;
				CURRENT_PROJECT_VERSION = 1;
				DEVELOPMENT_TEAM = 8AUHFWFR3F;
				GENERATE_INFOPLIST_FILE = YES;
				IPHONEOS_DEPLOYMENT_TARGET = 18.5;
				MARKETING_VERSION = 1.0;
				PRODUCT_BUNDLE_IDENTIFIER = com.FitBuddyTests;
				PRODUCT_NAME = "$(TARGET_NAME)";
				SWIFT_EMIT_LOC_STRINGS = NO;
				SWIFT_VERSION = 5.0;
				TARGETED_DEVICE_FAMILY = "1,2";
				TEST_HOST = "$(BUILT_PRODUCTS_DIR)/FitBuddy.app/$(BUNDLE_EXECUTABLE_FOLDER_PATH)/FitBuddy";
			};
			name = Release;
		};
		96A7D2282E00881200D41CBF /* Debug */ = {
			isa = XCBuildConfiguration;
			buildSettings = {
				CODE_SIGN_STYLE = Automatic;
				CURRENT_PROJECT_VERSION = 1;
				DEVELOPMENT_TEAM = 8AUHFWFR3F;
				GENERATE_INFOPLIST_FILE = YES;
				MARKETING_VERSION = 1.0;
				PRODUCT_BUNDLE_IDENTIFIER = com.FitBuddyUITests;
				PRODUCT_NAME = "$(TARGET_NAME)";
				SWIFT_EMIT_LOC_STRINGS = NO;
				SWIFT_VERSION = 5.0;
				TARGETED_DEVICE_FAMILY = "1,2";
				TEST_TARGET_NAME = FitBuddy;
			};
			name = Debug;
		};
		96A7D2292E00881200D41CBF /* Release */ = {
			isa = XCBuildConfiguration;
			buildSettings = {
				CODE_SIGN_STYLE = Automatic;
				CURRENT_PROJECT_VERSION = 1;
				DEVELOPMENT_TEAM = 8AUHFWFR3F;
				GENERATE_INFOPLIST_FILE = YES;
				MARKETING_VERSION = 1.0;
				PRODUCT_BUNDLE_IDENTIFIER = com.FitBuddyUITests;
				PRODUCT_NAME = "$(TARGET_NAME)";
				SWIFT_EMIT_LOC_STRINGS = NO;
				SWIFT_VERSION = 5.0;
				TARGETED_DEVICE_FAMILY = "1,2";
				TEST_TARGET_NAME = FitBuddy;
			};
			name = Release;
		};
/* End XCBuildConfiguration section */

/* Begin XCConfigurationList section */
		96A7D1F62E00881100D41CBF /* Build configuration list for PBXProject "FitBuddy" */ = {
			isa = XCConfigurationList;
			buildConfigurations = (
				96A7D21F2E00881200D41CBF /* Debug */,
				96A7D2202E00881200D41CBF /* Release */,
			);
			defaultConfigurationIsVisible = 0;
			defaultConfigurationName = Release;
		};
		96A7D2212E00881200D41CBF /* Build configuration list for PBXNativeTarget "FitBuddy" */ = {
			isa = XCConfigurationList;
			buildConfigurations = (
				96A7D2222E00881200D41CBF /* Debug */,
				96A7D2232E00881200D41CBF /* Release */,
			);
			defaultConfigurationIsVisible = 0;
			defaultConfigurationName = Release;
		};
		96A7D2242E00881200D41CBF /* Build configuration list for PBXNativeTarget "FitBuddyTests" */ = {
			isa = XCConfigurationList;
			buildConfigurations = (
				96A7D2252E00881200D41CBF /* Debug */,
				96A7D2262E00881200D41CBF /* Release */,
			);
			defaultConfigurationIsVisible = 0;
			defaultConfigurationName = Release;
		};
		96A7D2272E00881200D41CBF /* Build configuration list for PBXNativeTarget "FitBuddyUITests" */ = {
			isa = XCConfigurationList;
			buildConfigurations = (
				96A7D2282E00881200D41CBF /* Debug */,
				96A7D2292E00881200D41CBF /* Release */,
			);
			defaultConfigurationIsVisible = 0;
			defaultConfigurationName = Release;
		};
/* End XCConfigurationList section */

/* Begin XCRemoteSwiftPackageReference section */
		96A7D23B2E01DD3300D41CBF /* XCRemoteSwiftPackageReference "generative-ai-swift" */ = {
			isa = XCRemoteSwiftPackageReference;
			repositoryURL = "https://github.com/google/generative-ai-swift";
			requirement = {
				kind = upToNextMajorVersion;
				minimumVersion = 0.5.6;
			};
		};
/* End XCRemoteSwiftPackageReference section */

/* Begin XCSwiftPackageProductDependency section */
		96A7D23C2E01DD3300D41CBF /* GoogleGenerativeAI */ = {
			isa = XCSwiftPackageProductDependency;
			package = 96A7D23B2E01DD3300D41CBF /* XCRemoteSwiftPackageReference "generative-ai-swift" */;
			productName = GoogleGenerativeAI;
		};
/* End XCSwiftPackageProductDependency section */
	};
	rootObject = 96A7D1F32E00881100D41CBF /* Project object */;
}
